
Microsoft Visual Studio Solution File, Format Version 12.00
# Visual Studio Version 17
VisualStudioVersion = 17.0.31903.59
MinimumVisualStudioVersion = 10.0.40219.1
Project("{2150E333-8FDC-42A3-9474-1A3956D46DE8}") = "src", "src", "{0847A105-85CB-4DBF-9963-1205E06DE214}"
EndProject
Project("{9A19103F-16F7-4668-BE54-9A1E7A4F7556}") = "TechChallenge.Infrastructure", "src\TechChallenge.Infrastructure\TechChallenge.Infrastructure.csproj", "{0096C739-D96B-4C5F-ACF9-AF987749EBAF}"
EndProject
Project("{9A19103F-16F7-4668-BE54-9A1E7A4F7556}") = "TechChallenge.Domain", "src\TechChallenge.Domain\TechChallenge.Domain.csproj", "{57584CC2-8423-4D6C-ADE9-696FC50E9798}"
EndProject
Project("{9A19103F-16F7-4668-BE54-9A1E7A4F7556}") = "TechChallenge.Tests", "src\TechChallenge.Tests\TechChallenge.Tests.csproj", "{7829CA3A-35FC-4309-9F3B-9E74A2816500}"
EndProject
Project("{9A19103F-16F7-4668-BE54-9A1E7A4F7556}") = "TechChallange.IntegrationTests", "src\TechChallange.IntegrationTests\TechChallange.IntegrationTests.csproj", "{20831965-AE40-4F91-84AA-A3CE68B1207B}"
EndProject
Project("{2150E333-8FDC-42A3-9474-1A3956D46DE8}") = "ContactCreation", "src\ContactCreation", "{02F4495F-6B6D-4F18-92BE-8B24B3FCE0C9}"
EndProject
Project("{2150E333-8FDC-42A3-9474-1A3956D46DE8}") = "ContactUpdate", "src\ContactUpdate", "{C67EBC4C-0711-4E23-95AB-E191BAD73185}"
EndProject
Project("{2150E333-8FDC-42A3-9474-1A3956D46DE8}") = "ContactDelete", "src\ContactDelete", "{2E17E053-C3FE-41DA-807B-8296A5495950}"
EndProject
Project("{2150E333-8FDC-42A3-9474-1A3956D46DE8}") = "ContactSearch", "src\ContactSearch", "{00853978-BE2E-4902-97AD-C1455766CB93}"
EndProject
Project("{FAE04EC0-301F-11D3-BF4B-00C04F79EFBC}") = "TechChallenge.ContactCreation.Controller", "src\ContactCreation\TechChallenge.ContactCreation.Controller\TechChallenge.ContactCreation.Controller.csproj", "{80386F1D-D2DD-4618-BB09-8EFB835D75A4}"
EndProject
Project("{FAE04EC0-301F-11D3-BF4B-00C04F79EFBC}") = "TechChallenge.ContactCreation.Application", "src\ContactCreation\TechChallenge.ContactCreation.Application\TechChallenge.ContactCreation.Application.csproj", "{903F6FB2-29FC-497D-B0B2-0C1A9311CDAB}"
EndProject
Project("{FAE04EC0-301F-11D3-BF4B-00C04F79EFBC}") = "TechChallenge.ContactDelete.Controller", "src\ContactDelete\TechChallenge.ContactDelete.Controller\TechChallenge.ContactDelete.Controller.csproj", "{0A43534E-2748-4ABE-A320-110BAA3656BA}"
EndProject
Project("{FAE04EC0-301F-11D3-BF4B-00C04F79EFBC}") = "TechChallenge.ContactDelete.Application", "src\ContactDelete\TechChallenge.ContactDelete.Application\TechChallenge.ContactDelete.Application.csproj", "{1D194656-8EE8-42A6-816D-C952D13A0F40}"
EndProject
Project("{FAE04EC0-301F-11D3-BF4B-00C04F79EFBC}") = "TechChallenge.ContactSearch.Controller", "src\ContactSearchTechChallenge.ContactSearch.Controller\TechChallenge.ContactSearch.Controller.csproj", "{061E103C-796E-4C3C-8659-542863023E21}"
EndProject
Project("{FAE04EC0-301F-11D3-BF4B-00C04F79EFBC}") = "TechChallenge.ContactSearch.Application", "src\ContactSearch\TechChallenge.ContactSearch.Application\TechChallenge.ContactSearch.Application.csproj", "{0AC8CDBC-AD80-47EC-977D-E9FCCD6792C1}"
EndProject
Project("{FAE04EC0-301F-11D3-BF4B-00C04F79EFBC}") = "TechChallenge.ContactUpdate.Controller", "src\ContactUpdate\TechChallenge.ContactUpdate.Controller\TechChallenge.ContactUpdate.Controller.csproj", "{C6E363EE-5488-4BE7-95A4-161E4C5544D5}"
EndProject
Project("{FAE04EC0-301F-11D3-BF4B-00C04F79EFBC}") = "TechChallenge.ContactUpdate.Application", "src\ContactUpdate\TechChallenge.ContactUpdate.Application\TechChallenge.ContactUpdate.Application.csproj", "{975587D3-D87F-44EC-826B-8A7EE05CDF7B}"
EndProject
Global
	GlobalSection(SolutionConfigurationPlatforms) = preSolution
		Debug|Any CPU = Debug|Any CPU
		Release|Any CPU = Release|Any CPU
	EndGlobalSection
	GlobalSection(ProjectConfigurationPlatforms) = postSolution
		{0096C739-D96B-4C5F-ACF9-AF987749EBAF}.Debug|Any CPU.ActiveCfg = Debug|Any CPU
		{0096C739-D96B-4C5F-ACF9-AF987749EBAF}.Debug|Any CPU.Build.0 = Debug|Any CPU
		{0096C739-D96B-4C5F-ACF9-AF987749EBAF}.Release|Any CPU.ActiveCfg = Release|Any CPU
		{0096C739-D96B-4C5F-ACF9-AF987749EBAF}.Release|Any CPU.Build.0 = Release|Any CPU
		{57584CC2-8423-4D6C-ADE9-696FC50E9798}.Debug|Any CPU.ActiveCfg = Debug|Any CPU
		{57584CC2-8423-4D6C-ADE9-696FC50E9798}.Debug|Any CPU.Build.0 = Debug|Any CPU
		{57584CC2-8423-4D6C-ADE9-696FC50E9798}.Release|Any CPU.ActiveCfg = Release|Any CPU
		{57584CC2-8423-4D6C-ADE9-696FC50E9798}.Release|Any CPU.Build.0 = Release|Any CPU
		{7829CA3A-35FC-4309-9F3B-9E74A2816500}.Debug|Any CPU.ActiveCfg = Debug|Any CPU
		{7829CA3A-35FC-4309-9F3B-9E74A2816500}.Debug|Any CPU.Build.0 = Debug|Any CPU
		{7829CA3A-35FC-4309-9F3B-9E74A2816500}.Release|Any CPU.ActiveCfg = Release|Any CPU
		{7829CA3A-35FC-4309-9F3B-9E74A2816500}.Release|Any CPU.Build.0 = Release|Any CPU
		{20831965-AE40-4F91-84AA-A3CE68B1207B}.Debug|Any CPU.ActiveCfg = Debug|Any CPU
		{20831965-AE40-4F91-84AA-A3CE68B1207B}.Debug|Any CPU.Build.0 = Debug|Any CPU
		{20831965-AE40-4F91-84AA-A3CE68B1207B}.Release|Any CPU.ActiveCfg = Release|Any CPU
		{20831965-AE40-4F91-84AA-A3CE68B1207B}.Release|Any CPU.Build.0 = Release|Any CPU
		{80386F1D-D2DD-4618-BB09-8EFB835D75A4}.Debug|Any CPU.ActiveCfg = Debug|Any CPU
		{80386F1D-D2DD-4618-BB09-8EFB835D75A4}.Debug|Any CPU.Build.0 = Debug|Any CPU
		{80386F1D-D2DD-4618-BB09-8EFB835D75A4}.Release|Any CPU.ActiveCfg = Release|Any CPU
		{80386F1D-D2DD-4618-BB09-8EFB835D75A4}.Release|Any CPU.Build.0 = Release|Any CPU
		{903F6FB2-29FC-497D-B0B2-0C1A9311CDAB}.Debug|Any CPU.ActiveCfg = Debug|Any CPU
		{903F6FB2-29FC-497D-B0B2-0C1A9311CDAB}.Debug|Any CPU.Build.0 = Debug|Any CPU
		{903F6FB2-29FC-497D-B0B2-0C1A9311CDAB}.Release|Any CPU.ActiveCfg = Release|Any CPU
		{903F6FB2-29FC-497D-B0B2-0C1A9311CDAB}.Release|Any CPU.Build.0 = Release|Any CPU
		{0A43534E-2748-4ABE-A320-110BAA3656BA}.Debug|Any CPU.ActiveCfg = Debug|Any CPU
		{0A43534E-2748-4ABE-A320-110BAA3656BA}.Debug|Any CPU.Build.0 = Debug|Any CPU
		{0A43534E-2748-4ABE-A320-110BAA3656BA}.Release|Any CPU.ActiveCfg = Release|Any CPU
		{0A43534E-2748-4ABE-A320-110BAA3656BA}.Release|Any CPU.Build.0 = Release|Any CPU
		{1D194656-8EE8-42A6-816D-C952D13A0F40}.Debug|Any CPU.ActiveCfg = Debug|Any CPU
		{1D194656-8EE8-42A6-816D-C952D13A0F40}.Debug|Any CPU.Build.0 = Debug|Any CPU
		{1D194656-8EE8-42A6-816D-C952D13A0F40}.Release|Any CPU.ActiveCfg = Release|Any CPU
		{1D194656-8EE8-42A6-816D-C952D13A0F40}.Release|Any CPU.Build.0 = Release|Any CPU
		{061E103C-796E-4C3C-8659-542863023E21}.Debug|Any CPU.ActiveCfg = Debug|Any CPU
		{061E103C-796E-4C3C-8659-542863023E21}.Debug|Any CPU.Build.0 = Debug|Any CPU
		{061E103C-796E-4C3C-8659-542863023E21}.Release|Any CPU.ActiveCfg = Release|Any CPU
		{061E103C-796E-4C3C-8659-542863023E21}.Release|Any CPU.Build.0 = Release|Any CPU
		{0AC8CDBC-AD80-47EC-977D-E9FCCD6792C1}.Debug|Any CPU.ActiveCfg = Debug|Any CPU
		{0AC8CDBC-AD80-47EC-977D-E9FCCD6792C1}.Debug|Any CPU.Build.0 = Debug|Any CPU
		{0AC8CDBC-AD80-47EC-977D-E9FCCD6792C1}.Release|Any CPU.ActiveCfg = Release|Any CPU
		{0AC8CDBC-AD80-47EC-977D-E9FCCD6792C1}.Release|Any CPU.Build.0 = Release|Any CPU
		{C6E363EE-5488-4BE7-95A4-161E4C5544D5}.Debug|Any CPU.ActiveCfg = Debug|Any CPU
		{C6E363EE-5488-4BE7-95A4-161E4C5544D5}.Debug|Any CPU.Build.0 = Debug|Any CPU
		{C6E363EE-5488-4BE7-95A4-161E4C5544D5}.Release|Any CPU.ActiveCfg = Release|Any CPU
		{C6E363EE-5488-4BE7-95A4-161E4C5544D5}.Release|Any CPU.Build.0 = Release|Any CPU
		{975587D3-D87F-44EC-826B-8A7EE05CDF7B}.Debug|Any CPU.ActiveCfg = Debug|Any CPU
		{975587D3-D87F-44EC-826B-8A7EE05CDF7B}.Debug|Any CPU.Build.0 = Debug|Any CPU
		{975587D3-D87F-44EC-826B-8A7EE05CDF7B}.Release|Any CPU.ActiveCfg = Release|Any CPU
		{975587D3-D87F-44EC-826B-8A7EE05CDF7B}.Release|Any CPU.Build.0 = Release|Any CPU
	EndGlobalSection
	GlobalSection(SolutionProperties) = preSolution
		HideSolutionNode = FALSE
	EndGlobalSection
	GlobalSection(NestedProjects) = preSolution
		{0096C739-D96B-4C5F-ACF9-AF987749EBAF} = {0847A105-85CB-4DBF-9963-1205E06DE214}
		{57584CC2-8423-4D6C-ADE9-696FC50E9798} = {0847A105-85CB-4DBF-9963-1205E06DE214}
		{7829CA3A-35FC-4309-9F3B-9E74A2816500} = {0847A105-85CB-4DBF-9963-1205E06DE214}
		{20831965-AE40-4F91-84AA-A3CE68B1207B} = {0847A105-85CB-4DBF-9963-1205E06DE214}
		{02F4495F-6B6D-4F18-92BE-8B24B3FCE0C9} = {0847A105-85CB-4DBF-9963-1205E06DE214}
		{80386F1D-D2DD-4618-BB09-8EFB835D75A4} = {02F4495F-6B6D-4F18-92BE-8B24B3FCE0C9}
		{C67EBC4C-0711-4E23-95AB-E191BAD73185} = {0847A105-85CB-4DBF-9963-1205E06DE214}
		{2E17E053-C3FE-41DA-807B-8296A5495950} = {0847A105-85CB-4DBF-9963-1205E06DE214}
		{00853978-BE2E-4902-97AD-C1455766CB93} = {0847A105-85CB-4DBF-9963-1205E06DE214}
		{903F6FB2-29FC-497D-B0B2-0C1A9311CDAB} = {02F4495F-6B6D-4F18-92BE-8B24B3FCE0C9}
		{0A43534E-2748-4ABE-A320-110BAA3656BA} = {2E17E053-C3FE-41DA-807B-8296A5495950}
		{1D194656-8EE8-42A6-816D-C952D13A0F40} = {2E17E053-C3FE-41DA-807B-8296A5495950}
		{061E103C-796E-4C3C-8659-542863023E21} = {00853978-BE2E-4902-97AD-C1455766CB93}
		{0AC8CDBC-AD80-47EC-977D-E9FCCD6792C1} = {00853978-BE2E-4902-97AD-C1455766CB93}
		{C6E363EE-5488-4BE7-95A4-161E4C5544D5} = {C67EBC4C-0711-4E23-95AB-E191BAD73185}
		{975587D3-D87F-44EC-826B-8A7EE05CDF7B} = {C67EBC4C-0711-4E23-95AB-E191BAD73185}
	EndGlobalSection
	GlobalSection(ExtensibilityGlobals) = postSolution
		SolutionGuid = {26D80454-AAFE-4821-8358-445EA32E4D92}
	EndGlobalSection
EndGlobal
