
Microsoft Visual Studio Solution File, Format Version 12.00
# Visual Studio Version 17
VisualStudioVersion = 17.10.35013.160
MinimumVisualStudioVersion = 10.0.40219.1
Project("{FAE04EC0-301F-11D3-BF4B-00C04F79EFBC}") = "TechChallenge.Application", "TechChallenge.Application.csproj", "{D49E5487-96DF-48E7-8E30-523D1940D178}"
EndProject
Global
	GlobalSection(SolutionConfigurationPlatforms) = preSolution
		Debug|Any CPU = Debug|Any CPU
		Release|Any CPU = Release|Any CPU
	EndGlobalSection
	GlobalSection(ProjectConfigurationPlatforms) = postSolution
		{D49E5487-96DF-48E7-8E30-523D1940D178}.Debug|Any CPU.ActiveCfg = Debug|Any CPU
		{D49E5487-96DF-48E7-8E30-523D1940D178}.Debug|Any CPU.Build.0 = Debug|Any CPU
		{D49E5487-96DF-48E7-8E30-523D1940D178}.Release|Any CPU.ActiveCfg = Release|Any CPU
		{D49E5487-96DF-48E7-8E30-523D1940D178}.Release|Any CPU.Build.0 = Release|Any CPU
	EndGlobalSection
	GlobalSection(SolutionProperties) = preSolution
		HideSolutionNode = FALSE
	EndGlobalSection
	GlobalSection(ExtensibilityGlobals) = postSolution
		SolutionGuid = {49418C12-9D3A-419E-9B9D-D6049FB09EA4}
	EndGlobalSection
EndGlobal
